// !$*UTF8*$!
{
	archiveVersion = 1;
	classes = {
	};
	objectVersion = 46;
	objects = {

/* Begin PBXBuildFile section */
		960D75101CAF89AF000887EE /* GigMainCategoriesContentCell.swift in Sources */ = {isa = PBXBuildFile; fileRef = 960D750F1CAF89AF000887EE /* GigMainCategoriesContentCell.swift */; };
		965B2F631BBD792F00C81CC6 /* CenterCellCollectionViewFlowLayout.swift in Sources */ = {isa = PBXBuildFile; fileRef = 965B2F621BBD792F00C81CC6 /* CenterCellCollectionViewFlowLayout.swift */; };
		9660093A1B16322300A2911D /* GigDetailsVC.swift in Sources */ = {isa = PBXBuildFile; fileRef = 966009391B16322300A2911D /* GigDetailsVC.swift */; };
		9685D8921B0E003800E468B6 /* AppDelegate.swift in Sources */ = {isa = PBXBuildFile; fileRef = 9685D8911B0E003800E468B6 /* AppDelegate.swift */; };
		9685D8941B0E003800E468B6 /* ViewController.swift in Sources */ = {isa = PBXBuildFile; fileRef = 9685D8931B0E003800E468B6 /* ViewController.swift */; };
		9685D8971B0E003800E468B6 /* Main.storyboard in Resources */ = {isa = PBXBuildFile; fileRef = 9685D8951B0E003800E468B6 /* Main.storyboard */; };
		9685D8991B0E003800E468B6 /* Images.xcassets in Resources */ = {isa = PBXBuildFile; fileRef = 9685D8981B0E003800E468B6 /* Images.xcassets */; };
		9685D89C1B0E003800E468B6 /* LaunchScreen.xib in Resources */ = {isa = PBXBuildFile; fileRef = 9685D89A1B0E003800E468B6 /* LaunchScreen.xib */; };
		9685D8A81B0E003800E468B6 /* gigCategoriesTests.swift in Sources */ = {isa = PBXBuildFile; fileRef = 9685D8A71B0E003800E468B6 /* gigCategoriesTests.swift */; };
		9685D8B41B0E013A00E468B6 /* GigCategoriesCVC.swift in Sources */ = {isa = PBXBuildFile; fileRef = 9685D8B31B0E013A00E468B6 /* GigCategoriesCVC.swift */; };
		9685D8B61B0E0B4000E468B6 /* GigCategoriesBar.swift in Sources */ = {isa = PBXBuildFile; fileRef = 9685D8B51B0E0B4000E468B6 /* GigCategoriesBar.swift */; };
		9685D8B81B0E1EFD00E468B6 /* GigCategoryCVCell.swift in Sources */ = {isa = PBXBuildFile; fileRef = 9685D8B71B0E1EFD00E468B6 /* GigCategoryCVCell.swift */; };
		9685D8C61B102F9100E468B6 /* CategoryItem.swift in Sources */ = {isa = PBXBuildFile; fileRef = 9685D8C51B102F9100E468B6 /* CategoryItem.swift */; };
		9685D8C81B103CD900E468B6 /* GigMainCategoriesVC.swift in Sources */ = {isa = PBXBuildFile; fileRef = 9685D8C71B103CD900E468B6 /* GigMainCategoriesVC.swift */; };
		9685D8CA1B1041E900E468B6 /* GigSubCategorViewCVCell.swift in Sources */ = {isa = PBXBuildFile; fileRef = 9685D8C91B1041E900E468B6 /* GigSubCategorViewCVCell.swift */; };
/* End PBXBuildFile section */

/* Begin PBXContainerItemProxy section */
		9685D8A21B0E003800E468B6 /* PBXContainerItemProxy */ = {
			isa = PBXContainerItemProxy;
			containerPortal = 9685D8841B0E003800E468B6 /* Project object */;
			proxyType = 1;
			remoteGlobalIDString = 9685D88B1B0E003800E468B6;
			remoteInfo = gigCategories;
		};
/* End PBXContainerItemProxy section */

/* Begin PBXFileReference section */
		960D750F1CAF89AF000887EE /* GigMainCategoriesContentCell.swift */ = {isa = PBXFileReference; fileEncoding = 4; lastKnownFileType = sourcecode.swift; path = GigMainCategoriesContentCell.swift; sourceTree = "<group>"; };
		965B2F621BBD792F00C81CC6 /* CenterCellCollectionViewFlowLayout.swift */ = {isa = PBXFileReference; fileEncoding = 4; lastKnownFileType = sourcecode.swift; path = CenterCellCollectionViewFlowLayout.swift; sourceTree = "<group>"; };
		966009391B16322300A2911D /* GigDetailsVC.swift */ = {isa = PBXFileReference; fileEncoding = 4; lastKnownFileType = sourcecode.swift; path = GigDetailsVC.swift; sourceTree = "<group>"; };
		9685D88C1B0E003800E468B6 /* gigCategories.app */ = {isa = PBXFileReference; explicitFileType = wrapper.application; includeInIndex = 0; path = gigCategories.app; sourceTree = BUILT_PRODUCTS_DIR; };
		9685D8901B0E003800E468B6 /* Info.plist */ = {isa = PBXFileReference; lastKnownFileType = text.plist.xml; path = Info.plist; sourceTree = "<group>"; };
		9685D8911B0E003800E468B6 /* AppDelegate.swift */ = {isa = PBXFileReference; lastKnownFileType = sourcecode.swift; path = AppDelegate.swift; sourceTree = "<group>"; };
		9685D8931B0E003800E468B6 /* ViewController.swift */ = {isa = PBXFileReference; lastKnownFileType = sourcecode.swift; path = ViewController.swift; sourceTree = "<group>"; };
		9685D8961B0E003800E468B6 /* Base */ = {isa = PBXFileReference; lastKnownFileType = file.storyboard; name = Base; path = Base.lproj/Main.storyboard; sourceTree = "<group>"; };
		9685D8981B0E003800E468B6 /* Images.xcassets */ = {isa = PBXFileReference; lastKnownFileType = folder.assetcatalog; path = Images.xcassets; sourceTree = "<group>"; };
		9685D89B1B0E003800E468B6 /* Base */ = {isa = PBXFileReference; lastKnownFileType = file.xib; name = Base; path = Base.lproj/LaunchScreen.xib; sourceTree = "<group>"; };
		9685D8A11B0E003800E468B6 /* gigCategoriesTests.xctest */ = {isa = PBXFileReference; explicitFileType = wrapper.cfbundle; includeInIndex = 0; path = gigCategoriesTests.xctest; sourceTree = BUILT_PRODUCTS_DIR; };
		9685D8A61B0E003800E468B6 /* Info.plist */ = {isa = PBXFileReference; lastKnownFileType = text.plist.xml; path = Info.plist; sourceTree = "<group>"; };
		9685D8A71B0E003800E468B6 /* gigCategoriesTests.swift */ = {isa = PBXFileReference; lastKnownFileType = sourcecode.swift; path = gigCategoriesTests.swift; sourceTree = "<group>"; };
		9685D8B31B0E013A00E468B6 /* GigCategoriesCVC.swift */ = {isa = PBXFileReference; fileEncoding = 4; lastKnownFileType = sourcecode.swift; path = GigCategoriesCVC.swift; sourceTree = "<group>"; };
		9685D8B51B0E0B4000E468B6 /* GigCategoriesBar.swift */ = {isa = PBXFileReference; fileEncoding = 4; lastKnownFileType = sourcecode.swift; path = GigCategoriesBar.swift; sourceTree = "<group>"; };
		9685D8B71B0E1EFD00E468B6 /* GigCategoryCVCell.swift */ = {isa = PBXFileReference; fileEncoding = 4; lastKnownFileType = sourcecode.swift; path = GigCategoryCVCell.swift; sourceTree = "<group>"; };
		9685D8C51B102F9100E468B6 /* CategoryItem.swift */ = {isa = PBXFileReference; fileEncoding = 4; lastKnownFileType = sourcecode.swift; path = CategoryItem.swift; sourceTree = "<group>"; };
		9685D8C71B103CD900E468B6 /* GigMainCategoriesVC.swift */ = {isa = PBXFileReference; fileEncoding = 4; lastKnownFileType = sourcecode.swift; path = GigMainCategoriesVC.swift; sourceTree = "<group>"; };
		9685D8C91B1041E900E468B6 /* GigSubCategorViewCVCell.swift */ = {isa = PBXFileReference; fileEncoding = 4; lastKnownFileType = sourcecode.swift; path = GigSubCategorViewCVCell.swift; sourceTree = "<group>"; };
/* End PBXFileReference section */

/* Begin PBXFrameworksBuildPhase section */
		9685D8891B0E003800E468B6 /* Frameworks */ = {
			isa = PBXFrameworksBuildPhase;
			buildActionMask = 2147483647;
			files = (
			);
			runOnlyForDeploymentPostprocessing = 0;
		};
		9685D89E1B0E003800E468B6 /* Frameworks */ = {
			isa = PBXFrameworksBuildPhase;
			buildActionMask = 2147483647;
			files = (
			);
			runOnlyForDeploymentPostprocessing = 0;
		};
/* End PBXFrameworksBuildPhase section */

/* Begin PBXGroup section */
		9685D8831B0E003800E468B6 = {
			isa = PBXGroup;
			children = (
				9685D88E1B0E003800E468B6 /* gigCategories */,
				9685D8A41B0E003800E468B6 /* gigCategoriesTests */,
				9685D88D1B0E003800E468B6 /* Products */,
			);
			sourceTree = "<group>";
		};
		9685D88D1B0E003800E468B6 /* Products */ = {
			isa = PBXGroup;
			children = (
				9685D88C1B0E003800E468B6 /* gigCategories.app */,
				9685D8A11B0E003800E468B6 /* gigCategoriesTests.xctest */,
			);
			name = Products;
			sourceTree = "<group>";
		};
		9685D88E1B0E003800E468B6 /* gigCategories */ = {
			isa = PBXGroup;
			children = (
				9685D8911B0E003800E468B6 /* AppDelegate.swift */,
				9685D8931B0E003800E468B6 /* ViewController.swift */,
				966009391B16322300A2911D /* GigDetailsVC.swift */,
				9685D8C71B103CD900E468B6 /* GigMainCategoriesVC.swift */,
				960D750F1CAF89AF000887EE /* GigMainCategoriesContentCell.swift */,
				9685D8C91B1041E900E468B6 /* GigSubCategorViewCVCell.swift */,
				9685D8B51B0E0B4000E468B6 /* GigCategoriesBar.swift */,
				9685D8C51B102F9100E468B6 /* CategoryItem.swift */,
				9685D8B31B0E013A00E468B6 /* GigCategoriesCVC.swift */,
				9685D8B71B0E1EFD00E468B6 /* GigCategoryCVCell.swift */,
				965B2F621BBD792F00C81CC6 /* CenterCellCollectionViewFlowLayout.swift */,
				9685D8951B0E003800E468B6 /* Main.storyboard */,
				9685D89A1B0E003800E468B6 /* LaunchScreen.xib */,
				9685D8981B0E003800E468B6 /* Images.xcassets */,
				9685D88F1B0E003800E468B6 /* Supporting Files */,
			);
			path = gigCategories;
			sourceTree = "<group>";
		};
		9685D88F1B0E003800E468B6 /* Supporting Files */ = {
			isa = PBXGroup;
			children = (
				9685D8901B0E003800E468B6 /* Info.plist */,
			);
			name = "Supporting Files";
			sourceTree = "<group>";
		};
		9685D8A41B0E003800E468B6 /* gigCategoriesTests */ = {
			isa = PBXGroup;
			children = (
				9685D8A71B0E003800E468B6 /* gigCategoriesTests.swift */,
				9685D8A51B0E003800E468B6 /* Supporting Files */,
			);
			path = gigCategoriesTests;
			sourceTree = "<group>";
		};
		9685D8A51B0E003800E468B6 /* Supporting Files */ = {
			isa = PBXGroup;
			children = (
				9685D8A61B0E003800E468B6 /* Info.plist */,
			);
			name = "Supporting Files";
			sourceTree = "<group>";
		};
/* End PBXGroup section */

/* Begin PBXNativeTarget section */
		9685D88B1B0E003800E468B6 /* gigCategories */ = {
			isa = PBXNativeTarget;
			buildConfigurationList = 9685D8AB1B0E003800E468B6 /* Build configuration list for PBXNativeTarget "gigCategories" */;
			buildPhases = (
				9685D8881B0E003800E468B6 /* Sources */,
				9685D8891B0E003800E468B6 /* Frameworks */,
				9685D88A1B0E003800E468B6 /* Resources */,
			);
			buildRules = (
			);
			dependencies = (
			);
			name = gigCategories;
			productName = gigCategories;
			productReference = 9685D88C1B0E003800E468B6 /* gigCategories.app */;
			productType = "com.apple.product-type.application";
		};
		9685D8A01B0E003800E468B6 /* gigCategoriesTests */ = {
			isa = PBXNativeTarget;
			buildConfigurationList = 9685D8AE1B0E003800E468B6 /* Build configuration list for PBXNativeTarget "gigCategoriesTests" */;
			buildPhases = (
				9685D89D1B0E003800E468B6 /* Sources */,
				9685D89E1B0E003800E468B6 /* Frameworks */,
				9685D89F1B0E003800E468B6 /* Resources */,
			);
			buildRules = (
			);
			dependencies = (
				9685D8A31B0E003800E468B6 /* PBXTargetDependency */,
			);
			name = gigCategoriesTests;
			productName = gigCategoriesTests;
			productReference = 9685D8A11B0E003800E468B6 /* gigCategoriesTests.xctest */;
			productType = "com.apple.product-type.bundle.unit-test";
		};
/* End PBXNativeTarget section */

/* Begin PBXProject section */
		9685D8841B0E003800E468B6 /* Project object */ = {
			isa = PBXProject;
			attributes = {
				LastSwiftMigration = 0700;
				LastSwiftUpdateCheck = 0700;
				LastUpgradeCheck = 0630;
				ORGANIZATIONNAME = VictorKid;
				TargetAttributes = {
					9685D88B1B0E003800E468B6 = {
						CreatedOnToolsVersion = 6.3.1;
					};
					9685D8A01B0E003800E468B6 = {
						CreatedOnToolsVersion = 6.3.1;
						TestTargetID = 9685D88B1B0E003800E468B6;
					};
				};
			};
			buildConfigurationList = 9685D8871B0E003800E468B6 /* Build configuration list for PBXProject "gigCategories" */;
			compatibilityVersion = "Xcode 3.2";
			developmentRegion = English;
			hasScannedForEncodings = 0;
			knownRegions = (
				en,
				Base,
			);
			mainGroup = 9685D8831B0E003800E468B6;
			productRefGroup = 9685D88D1B0E003800E468B6 /* Products */;
			projectDirPath = "";
			projectRoot = "";
			targets = (
				9685D88B1B0E003800E468B6 /* gigCategories */,
				9685D8A01B0E003800E468B6 /* gigCategoriesTests */,
			);
		};
/* End PBXProject section */

/* Begin PBXResourcesBuildPhase section */
		9685D88A1B0E003800E468B6 /* Resources */ = {
			isa = PBXResourcesBuildPhase;
			buildActionMask = 2147483647;
			files = (
				9685D8971B0E003800E468B6 /* Main.storyboard in Resources */,
				9685D89C1B0E003800E468B6 /* LaunchScreen.xib in Resources */,
				9685D8991B0E003800E468B6 /* Images.xcassets in Resources */,
			);
			runOnlyForDeploymentPostprocessing = 0;
		};
		9685D89F1B0E003800E468B6 /* Resources */ = {
			isa = PBXResourcesBuildPhase;
			buildActionMask = 2147483647;
			files = (
			);
			runOnlyForDeploymentPostprocessing = 0;
		};
/* End PBXResourcesBuildPhase section */

/* Begin PBXSourcesBuildPhase section */
		9685D8881B0E003800E468B6 /* Sources */ = {
			isa = PBXSourcesBuildPhase;
			buildActionMask = 2147483647;
			files = (
				9685D8B81B0E1EFD00E468B6 /* GigCategoryCVCell.swift in Sources */,
				9685D8941B0E003800E468B6 /* ViewController.swift in Sources */,
				9685D8CA1B1041E900E468B6 /* GigSubCategorViewCVCell.swift in Sources */,
				965B2F631BBD792F00C81CC6 /* CenterCellCollectionViewFlowLayout.swift in Sources */,
				9685D8C81B103CD900E468B6 /* GigMainCategoriesVC.swift in Sources */,
				9685D8B41B0E013A00E468B6 /* GigCategoriesCVC.swift in Sources */,
				960D75101CAF89AF000887EE /* GigMainCategoriesContentCell.swift in Sources */,
				9660093A1B16322300A2911D /* GigDetailsVC.swift in Sources */,
				9685D8921B0E003800E468B6 /* AppDelegate.swift in Sources */,
				9685D8C61B102F9100E468B6 /* CategoryItem.swift in Sources */,
				9685D8B61B0E0B4000E468B6 /* GigCategoriesBar.swift in Sources */,
			);
			runOnlyForDeploymentPostprocessing = 0;
		};
		9685D89D1B0E003800E468B6 /* Sources */ = {
			isa = PBXSourcesBuildPhase;
			buildActionMask = 2147483647;
			files = (
				9685D8A81B0E003800E468B6 /* gigCategoriesTests.swift in Sources */,
			);
			runOnlyForDeploymentPostprocessing = 0;
		};
/* End PBXSourcesBuildPhase section */

/* Begin PBXTargetDependency section */
		9685D8A31B0E003800E468B6 /* PBXTargetDependency */ = {
			isa = PBXTargetDependency;
			target = 9685D88B1B0E003800E468B6 /* gigCategories */;
			targetProxy = 9685D8A21B0E003800E468B6 /* PBXContainerItemProxy */;
		};
/* End PBXTargetDependency section */

/* Begin PBXVariantGroup section */
		9685D8951B0E003800E468B6 /* Main.storyboard */ = {
			isa = PBXVariantGroup;
			children = (
				9685D8961B0E003800E468B6 /* Base */,
			);
			name = Main.storyboard;
			sourceTree = "<group>";
		};
		9685D89A1B0E003800E468B6 /* LaunchScreen.xib */ = {
			isa = PBXVariantGroup;
			children = (
				9685D89B1B0E003800E468B6 /* Base */,
			);
			name = LaunchScreen.xib;
			sourceTree = "<group>";
		};
/* End PBXVariantGroup section */

/* Begin XCBuildConfiguration section */
		9685D8A91B0E003800E468B6 /* Debug */ = {
			isa = XCBuildConfiguration;
			buildSettings = {
				ALWAYS_SEARCH_USER_PATHS = NO;
				CLANG_CXX_LANGUAGE_STANDARD = "gnu++0x";
				CLANG_CXX_LIBRARY = "libc++";
				CLANG_ENABLE_MODULES = YES;
				CLANG_ENABLE_OBJC_ARC = YES;
				CLANG_WARN_BOOL_CONVERSION = YES;
				CLANG_WARN_CONSTANT_CONVERSION = YES;
				CLANG_WARN_DIRECT_OBJC_ISA_USAGE = YES_ERROR;
				CLANG_WARN_EMPTY_BODY = YES;
				CLANG_WARN_ENUM_CONVERSION = YES;
				CLANG_WARN_INT_CONVERSION = YES;
				CLANG_WARN_OBJC_ROOT_CLASS = YES_ERROR;
				CLANG_WARN_UNREACHABLE_CODE = YES;
				CLANG_WARN__DUPLICATE_METHOD_MATCH = YES;
				"CODE_SIGN_IDENTITY[sdk=iphoneos*]" = "iPhone Developer";
				COPY_PHASE_STRIP = NO;
				DEBUG_INFORMATION_FORMAT = "dwarf-with-dsym";
				ENABLE_STRICT_OBJC_MSGSEND = YES;
				GCC_C_LANGUAGE_STANDARD = gnu99;
				GCC_DYNAMIC_NO_PIC = NO;
				GCC_NO_COMMON_BLOCKS = YES;
				GCC_OPTIMIZATION_LEVEL = 0;
				GCC_PREPROCESSOR_DEFINITIONS = (
					"DEBUG=1",
					"$(inherited)",
				);
				GCC_SYMBOLS_PRIVATE_EXTERN = NO;
				GCC_WARN_64_TO_32_BIT_CONVERSION = YES;
				GCC_WARN_ABOUT_RETURN_TYPE = YES_ERROR;
				GCC_WARN_UNDECLARED_SELECTOR = YES;
				GCC_WARN_UNINITIALIZED_AUTOS = YES_AGGRESSIVE;
				GCC_WARN_UNUSED_FUNCTION = YES;
				GCC_WARN_UNUSED_VARIABLE = YES;
				IPHONEOS_DEPLOYMENT_TARGET = 8.3;
				MTL_ENABLE_DEBUG_INFO = YES;
				ONLY_ACTIVE_ARCH = YES;
				SDKROOT = iphoneos;
				SWIFT_OPTIMIZATION_LEVEL = "-Onone";
				TARGETED_DEVICE_FAMILY = "1,2";
			};
			name = Debug;
		};
		9685D8AA1B0E003800E468B6 /* Release */ = {
			isa = XCBuildConfiguration;
			buildSettings = {
				ALWAYS_SEARCH_USER_PATHS = NO;
				CLANG_CXX_LANGUAGE_STANDARD = "gnu++0x";
				CLANG_CXX_LIBRARY = "libc++";
				CLANG_ENABLE_MODULES = YES;
				CLANG_ENABLE_OBJC_ARC = YES;
				CLANG_WARN_BOOL_CONVERSION = YES;
				CLANG_WARN_CONSTANT_CONVERSION = YES;
				CLANG_WARN_DIRECT_OBJC_ISA_USAGE = YES_ERROR;
				CLANG_WARN_EMPTY_BODY = YES;
				CLANG_WARN_ENUM_CONVERSION = YES;
				CLANG_WARN_INT_CONVERSION = YES;
				CLANG_WARN_OBJC_ROOT_CLASS = YES_ERROR;
				CLANG_WARN_UNREACHABLE_CODE = YES;
				CLANG_WARN__DUPLICATE_METHOD_MATCH = YES;
				"CODE_SIGN_IDENTITY[sdk=iphoneos*]" = "iPhone Developer";
				COPY_PHASE_STRIP = NO;
				DEBUG_INFORMATION_FORMAT = "dwarf-with-dsym";
				ENABLE_NS_ASSERTIONS = NO;
				ENABLE_STRICT_OBJC_MSGSEND = YES;
				GCC_C_LANGUAGE_STANDARD = gnu99;
				GCC_NO_COMMON_BLOCKS = YES;
				GCC_WARN_64_TO_32_BIT_CONVERSION = YES;
				GCC_WARN_ABOUT_RETURN_TYPE = YES_ERROR;
				GCC_WARN_UNDECLARED_SELECTOR = YES;
				GCC_WARN_UNINITIALIZED_AUTOS = YES_AGGRESSIVE;
				GCC_WARN_UNUSED_FUNCTION = YES;
				GCC_WARN_UNUSED_VARIABLE = YES;
				IPHONEOS_DEPLOYMENT_TARGET = 8.3;
				MTL_ENABLE_DEBUG_INFO = NO;
				SDKROOT = iphoneos;
				TARGETED_DEVICE_FAMILY = "1,2";
				VALIDATE_PRODUCT = YES;
			};
			name = Release;
		};
		9685D8AC1B0E003800E468B6 /* Debug */ = {
			isa = XCBuildConfiguration;
			buildSettings = {
				ASSETCATALOG_COMPILER_APPICON_NAME = AppIcon;
				INFOPLIST_FILE = gigCategories/Info.plist;
				LD_RUNPATH_SEARCH_PATHS = "$(inherited) @executable_path/Frameworks";
				PRODUCT_NAME = "$(TARGET_NAME)";
				SWIFT_WHOLE_MODULE_OPTIMIZATION = YES;
			};
			name = Debug;
		};
		9685D8AD1B0E003800E468B6 /* Release */ = {
			isa = XCBuildConfiguration;
			buildSettings = {
				ASSETCATALOG_COMPILER_APPICON_NAME = AppIcon;
				INFOPLIST_FILE = gigCategories/Info.plist;
				LD_RUNPATH_SEARCH_PATHS = "$(inherited) @executable_path/Frameworks";
				PRODUCT_NAME = "$(TARGET_NAME)";
				SWIFT_WHOLE_MODULE_OPTIMIZATION = YES;
			};
			name = Release;
		};
		9685D8AF1B0E003800E468B6 /* Debug */ = {
			isa = XCBuildConfiguration;
			buildSettings = {
				BUNDLE_LOADER = "$(TEST_HOST)";
				FRAMEWORK_SEARCH_PATHS = (
					"$(SDKROOT)/Developer/Library/Frameworks",
					"$(inherited)",
				);
				GCC_PREPROCESSOR_DEFINITIONS = (
					"DEBUG=1",
					"$(inherited)",
				);
				INFOPLIST_FILE = gigCategoriesTests/Info.plist;
				LD_RUNPATH_SEARCH_PATHS = "$(inherited) @executable_path/Frameworks @loader_path/Frameworks";
				PRODUCT_NAME = "$(TARGET_NAME)";
				TEST_HOST = "$(BUILT_PRODUCTS_DIR)/gigCategories.app/gigCategories";
			};
			name = Debug;
		};
		9685D8B01B0E003800E468B6 /* Release */ = {
			isa = XCBuildConfiguration;
			buildSettings = {
				BUNDLE_LOADER = "$(TEST_HOST)";
				FRAMEWORK_SEARCH_PATHS = (
					"$(SDKROOT)/Developer/Library/Frameworks",
					"$(inherited)",
				);
				INFOPLIST_FILE = gigCategoriesTests/Info.plist;
				LD_RUNPATH_SEARCH_PATHS = "$(inherited) @executable_path/Frameworks @loader_path/Frameworks";
				PRODUCT_NAME = "$(TARGET_NAME)";
				TEST_HOST = "$(BUILT_PRODUCTS_DIR)/gigCategories.app/gigCategories";
			};
			name = Release;
		};
/* End XCBuildConfiguration section */

/* Begin XCConfigurationList section */
		9685D8871B0E003800E468B6 /* Build configuration list for PBXProject "gigCategories" */ = {
			isa = XCConfigurationList;
			buildConfigurations = (
				9685D8A91B0E003800E468B6 /* Debug */,
				9685D8AA1B0E003800E468B6 /* Release */,
			);
			defaultConfigurationIsVisible = 0;
			defaultConfigurationName = Release;
		};
		9685D8AB1B0E003800E468B6 /* Build configuration list for PBXNativeTarget "gigCategories" */ = {
			isa = XCConfigurationList;
			buildConfigurations = (
				9685D8AC1B0E003800E468B6 /* Debug */,
				9685D8AD1B0E003800E468B6 /* Release */,
			);
			defaultConfigurationIsVisible = 0;
			defaultConfigurationName = Release;
		};
		9685D8AE1B0E003800E468B6 /* Build configuration list for PBXNativeTarget "gigCategoriesTests" */ = {
			isa = XCConfigurationList;
			buildConfigurations = (
				9685D8AF1B0E003800E468B6 /* Debug */,
				9685D8B01B0E003800E468B6 /* Release */,
			);
			defaultConfigurationIsVisible = 0;
			defaultConfigurationName = Release;
		};
/* End XCConfigurationList section */
	};
	rootObject = 9685D8841B0E003800E468B6 /* Project object */;
}
